
Microsoft Visual Studio Solution File, Format Version 12.00
# Visual Studio Version 16
VisualStudioVersion = 16.0.29209.62
MinimumVisualStudioVersion = 10.0.40219.1
Project("{9A19103F-16F7-4668-BE54-9A1E7A4F7556}") = "KoreanTools", "KoreanTools\KoreanTools.csproj", "{AC50CD47-899D-401D-9838-FAEB3499D1EF}"
EndProject
Project("{9A19103F-16F7-4668-BE54-9A1E7A4F7556}") = "Krucible", "Krucible\Krucible.csproj", "{A962CCA2-7BD8-4D74-A9A3-E3C214C9C410}"
EndProject
Project("{FAE04EC0-301F-11D3-BF4B-00C04F79EFBC}") = "KoreanTest", "KoreanTest\KoreanTest.csproj", "{341DC146-1BEA-43D7-A4B2-8DB379350DA2}"
EndProject
Global
	GlobalSection(SolutionConfigurationPlatforms) = preSolution
		Debug|Any CPU = Debug|Any CPU
		Release|Any CPU = Release|Any CPU
	EndGlobalSection
	GlobalSection(ProjectConfigurationPlatforms) = postSolution
		{AC50CD47-899D-401D-9838-FAEB3499D1EF}.Debug|Any CPU.ActiveCfg = Debug|Any CPU
		{AC50CD47-899D-401D-9838-FAEB3499D1EF}.Debug|Any CPU.Build.0 = Debug|Any CPU
		{AC50CD47-899D-401D-9838-FAEB3499D1EF}.Release|Any CPU.ActiveCfg = Release|Any CPU
		{AC50CD47-899D-401D-9838-FAEB3499D1EF}.Release|Any CPU.Build.0 = Release|Any CPU
		{A962CCA2-7BD8-4D74-A9A3-E3C214C9C410}.Debug|Any CPU.ActiveCfg = Debug|Any CPU
		{A962CCA2-7BD8-4D74-A9A3-E3C214C9C410}.Debug|Any CPU.Build.0 = Debug|Any CPU
		{A962CCA2-7BD8-4D74-A9A3-E3C214C9C410}.Release|Any CPU.ActiveCfg = Release|Any CPU
		{A962CCA2-7BD8-4D74-A9A3-E3C214C9C410}.Release|Any CPU.Build.0 = Release|Any CPU
		{341DC146-1BEA-43D7-A4B2-8DB379350DA2}.Debug|Any CPU.ActiveCfg = Debug|Any CPU
		{341DC146-1BEA-43D7-A4B2-8DB379350DA2}.Debug|Any CPU.Build.0 = Debug|Any CPU
		{341DC146-1BEA-43D7-A4B2-8DB379350DA2}.Release|Any CPU.ActiveCfg = Release|Any CPU
		{341DC146-1BEA-43D7-A4B2-8DB379350DA2}.Release|Any CPU.Build.0 = Release|Any CPU
	EndGlobalSection
	GlobalSection(SolutionProperties) = preSolution
		HideSolutionNode = FALSE
	EndGlobalSection
	GlobalSection(ExtensibilityGlobals) = postSolution
		SolutionGuid = {B5A19C8F-C6AC-4DCA-A1E9-F93141CDE0AC}
	EndGlobalSection
EndGlobal
